// !$*UTF8*$!
{
	archiveVersion = 1;
	classes = {
	};
	objectVersion = 46;
	objects = {

/* Begin PBXBuildFile section */
		C6B3F1591D676993005DDECB /* AppDelegate.swift in Sources */ = {isa = PBXBuildFile; fileRef = C6B3F1581D676993005DDECB /* AppDelegate.swift */; };
		C6B3F15B1D676993005DDECB /* ViewController.swift in Sources */ = {isa = PBXBuildFile; fileRef = C6B3F15A1D676993005DDECB /* ViewController.swift */; };
		C6B3F15E1D676993005DDECB /* Main.storyboard in Resources */ = {isa = PBXBuildFile; fileRef = C6B3F15C1D676993005DDECB /* Main.storyboard */; };
		C6B3F1601D676993005DDECB /* Assets.xcassets in Resources */ = {isa = PBXBuildFile; fileRef = C6B3F15F1D676993005DDECB /* Assets.xcassets */; };
		C6B3F1631D676993005DDECB /* LaunchScreen.storyboard in Resources */ = {isa = PBXBuildFile; fileRef = C6B3F1611D676993005DDECB /* LaunchScreen.storyboard */; };
/* End PBXBuildFile section */

/* Begin PBXFileReference section */
		C6B3F1551D676993005DDECB /* PruebaGit.app */ = {isa = PBXFileReference; explicitFileType = wrapper.application; includeInIndex = 0; path = PruebaGit.app; sourceTree = BUILT_PRODUCTS_DIR; };
		C6B3F1581D676993005DDECB /* AppDelegate.swift */ = {isa = PBXFileReference; lastKnownFileType = sourcecode.swift; path = AppDelegate.swift; sourceTree = "<group>"; };
		C6B3F15A1D676993005DDECB /* ViewController.swift */ = {isa = PBXFileReference; lastKnownFileType = sourcecode.swift; path = ViewController.swift; sourceTree = "<group>"; };
		C6B3F15D1D676993005DDECB /* Base */ = {isa = PBXFileReference; lastKnownFileType = file.storyboard; name = Base; path = Base.lproj/Main.storyboard; sourceTree = "<group>"; };
		C6B3F15F1D676993005DDECB /* Assets.xcassets */ = {isa = PBXFileReference; lastKnownFileType = folder.assetcatalog; path = Assets.xcassets; sourceTree = "<group>"; };
		C6B3F1621D676993005DDECB /* Base */ = {isa = PBXFileReference; lastKnownFileType = file.storyboard; name = Base; path = Base.lproj/LaunchScreen.storyboard; sourceTree = "<group>"; };
		C6B3F1641D676993005DDECB /* Info.plist */ = {isa = PBXFileReference; lastKnownFileType = text.plist.xml; path = Info.plist; sourceTree = "<group>"; };
/* End PBXFileReference section */

/* Begin PBXFrameworksBuildPhase section */
		C6B3F1521D676993005DDECB /* Frameworks */ = {
			isa = PBXFrameworksBuildPhase;
			buildActionMask = 2147483647;
			files = (
			);
			runOnlyForDeploymentPostprocessing = 0;
		};
/* End PBXFrameworksBuildPhase section */

/* Begin PBXGroup section */
		C6B3F14C1D676993005DDECB = {
			isa = PBXGroup;
			children = (
				C6B3F1571D676993005DDECB /* PruebaGit */,
				C6B3F1561D676993005DDECB /* Products */,
			);
			sourceTree = "<group>";
		};
		C6B3F1561D676993005DDECB /* Products */ = {
			isa = PBXGroup;
			children = (
				C6B3F1551D676993005DDECB /* PruebaGit.app */,
			);
			name = Products;
			sourceTree = "<group>";
		};
		C6B3F1571D676993005DDECB /* PruebaGit */ = {
			isa = PBXGroup;
			children = (
				C6B3F1581D676993005DDECB /* AppDelegate.swift */,
				C6B3F15A1D676993005DDECB /* ViewController.swift */,
				C6B3F15C1D676993005DDECB /* Main.storyboard */,
				C6B3F15F1D676993005DDECB /* Assets.xcassets */,
				C6B3F1611D676993005DDECB /* LaunchScreen.storyboard */,
				C6B3F1641D676993005DDECB /* Info.plist */,
			);
			path = PruebaGit;
			sourceTree = "<group>";
		};
/* End PBXGroup section */

/* Begin PBXNativeTarget section */
		C6B3F1541D676993005DDECB /* PruebaGit */ = {
			isa = PBXNativeTarget;
			buildConfigurationList = C6B3F1671D676993005DDECB /* Build configuration list for PBXNativeTarget "PruebaGit" */;
			buildPhases = (
				C6B3F1511D676993005DDECB /* Sources */,
				C6B3F1521D676993005DDECB /* Frameworks */,
				C6B3F1531D676993005DDECB /* Resources */,
			);
			buildRules = (
			);
			dependencies = (
			);
			name = PruebaGit;
			productName = PruebaGit;
			productReference = C6B3F1551D676993005DDECB /* PruebaGit.app */;
			productType = "com.apple.product-type.application";
		};
/* End PBXNativeTarget section */

/* Begin PBXProject section */
		C6B3F14D1D676993005DDECB /* Project object */ = {
			isa = PBXProject;
			attributes = {
				LastSwiftUpdateCheck = 0730;
				LastUpgradeCheck = 0730;
				ORGANIZATIONNAME = AlexGarcia;
				TargetAttributes = {
					C6B3F1541D676993005DDECB = {
						CreatedOnToolsVersion = 7.3.1;
					};
				};
			};
			buildConfigurationList = C6B3F1501D676993005DDECB /* Build configuration list for PBXProject "PruebaGit" */;
			compatibilityVersion = "Xcode 3.2";
			developmentRegion = English;
			hasScannedForEncodings = 0;
			knownRegions = (
				en,
				Base,
			);
			mainGroup = C6B3F14C1D676993005DDECB;
			productRefGroup = C6B3F1561D676993005DDECB /* Products */;
			projectDirPath = "";
			projectRoot = "";
			targets = (
				C6B3F1541D676993005DDECB /* PruebaGit */,
			);
		};
/* End PBXProject section */

/* Begin PBXResourcesBuildPhase section */
		C6B3F1531D676993005DDECB /* Resources */ = {
			isa = PBXResourcesBuildPhase;
			buildActionMask = 2147483647;
			files = (
				C6B3F1631D676993005DDECB /* LaunchScreen.storyboard in Resources */,
				C6B3F1601D676993005DDECB /* Assets.xcassets in Resources */,
				C6B3F15E1D676993005DDECB /* Main.storyboard in Resources */,
			);
			runOnlyForDeploymentPostprocessing = 0;
		};
/* End PBXResourcesBuildPhase section */

/* Begin PBXSourcesBuildPhase section */
		C6B3F1511D676993005DDECB /* Sources */ = {
			isa = PBXSourcesBuildPhase;
			buildActionMask = 2147483647;
			files = (
				C6B3F15B1D676993005DDECB /* ViewController.swift in Sources */,
				C6B3F1591D676993005DDECB /* AppDelegate.swift in Sources */,
			);
			runOnlyForDeploymentPostprocessing = 0;
		};
/* End PBXSourcesBuildPhase section */

/* Begin PBXVariantGroup section */
		C6B3F15C1D676993005DDECB /* Main.storyboard */ = {
			isa = PBXVariantGroup;
			children = (
				C6B3F15D1D676993005DDECB /* Base */,
			);
			name = Main.storyboard;
			sourceTree = "<group>";
		};
		C6B3F1611D676993005DDECB /* LaunchScreen.storyboard */ = {
			isa = PBXVariantGroup;
			children = (
				C6B3F1621D676993005DDECB /* Base */,
			);
			name = LaunchScreen.storyboard;
			sourceTree = "<group>";
		};
/* End PBXVariantGroup section */

/* Begin XCBuildConfiguration section */
		C6B3F1651D676993005DDECB /* Debug */ = {
			isa = XCBuildConfiguration;
			buildSettings = {
				ALWAYS_SEARCH_USER_PATHS = NO;
				CLANG_ANALYZER_NONNULL = YES;
				CLANG_CXX_LANGUAGE_STANDARD = "gnu++0x";
				CLANG_CXX_LIBRARY = "libc++";
				CLANG_ENABLE_MODULES = YES;
				CLANG_ENABLE_OBJC_ARC = YES;
				CLANG_WARN_BOOL_CONVERSION = YES;
				CLANG_WARN_CONSTANT_CONVERSION = YES;
				CLANG_WARN_DIRECT_OBJC_ISA_USAGE = YES_ERROR;
				CLANG_WARN_EMPTY_BODY = YES;
				CLANG_WARN_ENUM_CONVERSION = YES;
				CLANG_WARN_INT_CONVERSION = YES;
				CLANG_WARN_OBJC_ROOT_CLASS = YES_ERROR;
				CLANG_WARN_UNREACHABLE_CODE = YES;
				CLANG_WARN__DUPLICATE_METHOD_MATCH = YES;
				"CODE_SIGN_IDENTITY[sdk=iphoneos*]" = "iPhone Developer";
				COPY_PHASE_STRIP = NO;
				DEBUG_INFORMATION_FORMAT = dwarf;
				ENABLE_STRICT_OBJC_MSGSEND = YES;
				ENABLE_TESTABILITY = YES;
				GCC_C_LANGUAGE_STANDARD = gnu99;
				GCC_DYNAMIC_NO_PIC = NO;
				GCC_NO_COMMON_BLOCKS = YES;
				GCC_OPTIMIZATION_LEVEL = 0;
				GCC_PREPROCESSOR_DEFINITIONS = (
					"DEBUG=1",
					"$(inherited)",
				);
				GCC_WARN_64_TO_32_BIT_CONVERSION = YES;
				GCC_WARN_ABOUT_RETURN_TYPE = YES_ERROR;
				GCC_WARN_UNDECLARED_SELECTOR = YES;
				GCC_WARN_UNINITIALIZED_AUTOS = YES_AGGRESSIVE;
				GCC_WARN_UNUSED_FUNCTION = YES;
				GCC_WARN_UNUSED_VARIABLE = YES;
				IPHONEOS_DEPLOYMENT_TARGET = 9.3;
				MTL_ENABLE_DEBUG_INFO = YES;
				ONLY_ACTIVE_ARCH = YES;
				SDKROOT = iphoneos;
				SWIFT_OPTIMIZATION_LEVEL = "-Onone";
			};
			name = Debug;
		};
		C6B3F1661D676993005DDECB /* Release */ = {
			isa = XCBuildConfiguration;
			buildSettings = {
				ALWAYS_SEARCH_USER_PATHS = NO;
				CLANG_ANALYZER_NONNULL = YES;
				CLANG_CXX_LANGUAGE_STANDARD = "gnu++0x";
				CLANG_CXX_LIBRARY = "libc++";
				CLANG_ENABLE_MODULES = YES;
				CLANG_ENABLE_OBJC_ARC = YES;
				CLANG_WARN_BOOL_CONVERSION = YES;
				CLANG_WARN_CONSTANT_CONVERSION = YES;
				CLANG_WARN_DIRECT_OBJC_ISA_USAGE = YES_ERROR;
				CLANG_WARN_EMPTY_BODY = YES;
				CLANG_WARN_ENUM_CONVERSION = YES;
				CLANG_WARN_INT_CONVERSION = YES;
				CLANG_WARN_OBJC_ROOT_CLASS = YES_ERROR;
				CLANG_WARN_UNREACHABLE_CODE = YES;
				CLANG_WARN__DUPLICATE_METHOD_MATCH = YES;
				"CODE_SIGN_IDENTITY[sdk=iphoneos*]" = "iPhone Developer";
				COPY_PHASE_STRIP = NO;
				DEBUG_INFORMATION_FORMAT = "dwarf-with-dsym";
				ENABLE_NS_ASSERTIONS = NO;
				ENABLE_STRICT_OBJC_MSGSEND = YES;
				GCC_C_LANGUAGE_STANDARD = gnu99;
				GCC_NO_COMMON_BLOCKS = YES;
				GCC_WARN_64_TO_32_BIT_CONVERSION = YES;
				GCC_WARN_ABOUT_RETURN_TYPE = YES_ERROR;
				GCC_WARN_UNDECLARED_SELECTOR = YES;
				GCC_WARN_UNINITIALIZED_AUTOS = YES_AGGRESSIVE;
				GCC_WARN_UNUSED_FUNCTION = YES;
				GCC_WARN_UNUSED_VARIABLE = YES;
				IPHONEOS_DEPLOYMENT_TARGET = 9.3;
				MTL_ENABLE_DEBUG_INFO = NO;
				SDKROOT = iphoneos;
				VALIDATE_PRODUCT = YES;
			};
			name = Release;
		};
		C6B3F1681D676993005DDECB /* Debug */ = {
			isa = XCBuildConfiguration;
			buildSettings = {
				ASSETCATALOG_COMPILER_APPICON_NAME = AppIcon;
				INFOPLIST_FILE = PruebaGit/Info.plist;
				LD_RUNPATH_SEARCH_PATHS = "$(inherited) @executable_path/Frameworks";
				PRODUCT_BUNDLE_IDENTIFIER = com.itesmlag.PruebaGit;
				PRODUCT_NAME = "$(TARGET_NAME)";
			};
			name = Debug;
		};
		C6B3F1691D676993005DDECB /* Release */ = {
			isa = XCBuildConfiguration;
			buildSettings = {
				ASSETCATALOG_COMPILER_APPICON_NAME = AppIcon;
				INFOPLIST_FILE = PruebaGit/Info.plist;
				LD_RUNPATH_SEARCH_PATHS = "$(inherited) @executable_path/Frameworks";
				PRODUCT_BUNDLE_IDENTIFIER = com.itesmlag.PruebaGit;
				PRODUCT_NAME = "$(TARGET_NAME)";
			};
			name = Release;
		};
/* End XCBuildConfiguration section */

/* Begin XCConfigurationList section */
		C6B3F1501D676993005DDECB /* Build configuration list for PBXProject "PruebaGit" */ = {
			isa = XCConfigurationList;
			buildConfigurations = (
				C6B3F1651D676993005DDECB /* Debug */,
				C6B3F1661D676993005DDECB /* Release */,
			);
			defaultConfigurationIsVisible = 0;
			defaultConfigurationName = Release;
		};
		C6B3F1671D676993005DDECB /* Build configuration list for PBXNativeTarget "PruebaGit" */ = {
			isa = XCConfigurationList;
			buildConfigurations = (
				C6B3F1681D676993005DDECB /* Debug */,
				C6B3F1691D676993005DDECB /* Release */,
			);
			defaultConfigurationIsVisible = 0;
		};
/* End XCConfigurationList section */
	};
	rootObject = C6B3F14D1D676993005DDECB /* Project object */;
}
